
Microsoft Visual Studio Solution File, Format Version 12.00
# Visual Studio Version 17
VisualStudioVersion = 17.2.32630.192
MinimumVisualStudioVersion = 10.0.40219.1
Project("{FAE04EC0-301F-11D3-BF4B-00C04F79EFBC}") = "OrderingSystem", "OrderingSystem\OrderingSystem.csproj", "{D2417E62-4E8A-4D97-A765-2D0B6656EE05}"
EndProject
Global
	GlobalSection(SolutionConfigurationPlatforms) = preSolution
		Debug|Any CPU = Debug|Any CPU
		Release|Any CPU = Release|Any CPU
	EndGlobalSection
	GlobalSection(ProjectConfigurationPlatforms) = postSolution
		{D2417E62-4E8A-4D97-A765-2D0B6656EE05}.Debug|Any CPU.ActiveCfg = Debug|Any CPU
		{D2417E62-4E8A-4D97-A765-2D0B6656EE05}.Debug|Any CPU.Build.0 = Debug|Any CPU
		{D2417E62-4E8A-4D97-A765-2D0B6656EE05}.Release|Any CPU.ActiveCfg = Release|Any CPU
		{D2417E62-4E8A-4D97-A765-2D0B6656EE05}.Release|Any CPU.Build.0 = Release|Any CPU
	EndGlobalSection
	GlobalSection(SolutionProperties) = preSolution
		HideSolutionNode = FALSE
	EndGlobalSection
	GlobalSection(ExtensibilityGlobals) = postSolution
		SolutionGuid = {CBB3F7F7-7718-4F55-8810-0B65FF9A270A}
	EndGlobalSection
EndGlobal
